
Microsoft Visual Studio Solution File, Format Version 12.00
# Visual Studio Version 16
VisualStudioVersion = 16.0.30225.117
MinimumVisualStudioVersion = 10.0.40219.1
Project("{FAE04EC0-301F-11D3-BF4B-00C04F79EFBC}") = "QuakeLogger.API", "QuakeLogger\QuakeLogger.API.csproj", "{82E96016-2DE4-48DC-9232-F4796B36832F}"
EndProject
Project("{FAE04EC0-301F-11D3-BF4B-00C04F79EFBC}") = "QuakeLogger.Domain", "QuakeLogger.Domain\QuakeLogger.Domain.csproj", "{2985C45F-F165-4814-9B71-0D242644CDFE}"
EndProject
Project("{FAE04EC0-301F-11D3-BF4B-00C04F79EFBC}") = "QuakeLogger.Data", "QuakeLogger.Data\QuakeLogger.Data.csproj", "{0872D821-CD07-4787-8D91-ECC48992EDCA}"
EndProject
Project("{FAE04EC0-301F-11D3-BF4B-00C04F79EFBC}") = "QuakeLogger.Services", "QuakeLogger.Services\QuakeLogger.Services.csproj", "{9ACBD596-226F-4465-8030-42D5C5C885B9}"
EndProject
Global
	GlobalSection(SolutionConfigurationPlatforms) = preSolution
		Debug|Any CPU = Debug|Any CPU
		Release|Any CPU = Release|Any CPU
	EndGlobalSection
	GlobalSection(ProjectConfigurationPlatforms) = postSolution
		{82E96016-2DE4-48DC-9232-F4796B36832F}.Debug|Any CPU.ActiveCfg = Debug|Any CPU
		{82E96016-2DE4-48DC-9232-F4796B36832F}.Debug|Any CPU.Build.0 = Debug|Any CPU
		{82E96016-2DE4-48DC-9232-F4796B36832F}.Release|Any CPU.ActiveCfg = Release|Any CPU
		{82E96016-2DE4-48DC-9232-F4796B36832F}.Release|Any CPU.Build.0 = Release|Any CPU
		{2985C45F-F165-4814-9B71-0D242644CDFE}.Debug|Any CPU.ActiveCfg = Debug|Any CPU
		{2985C45F-F165-4814-9B71-0D242644CDFE}.Debug|Any CPU.Build.0 = Debug|Any CPU
		{2985C45F-F165-4814-9B71-0D242644CDFE}.Release|Any CPU.ActiveCfg = Release|Any CPU
		{2985C45F-F165-4814-9B71-0D242644CDFE}.Release|Any CPU.Build.0 = Release|Any CPU
		{0872D821-CD07-4787-8D91-ECC48992EDCA}.Debug|Any CPU.ActiveCfg = Debug|Any CPU
		{0872D821-CD07-4787-8D91-ECC48992EDCA}.Debug|Any CPU.Build.0 = Debug|Any CPU
		{0872D821-CD07-4787-8D91-ECC48992EDCA}.Release|Any CPU.ActiveCfg = Release|Any CPU
		{0872D821-CD07-4787-8D91-ECC48992EDCA}.Release|Any CPU.Build.0 = Release|Any CPU
		{9ACBD596-226F-4465-8030-42D5C5C885B9}.Debug|Any CPU.ActiveCfg = Debug|Any CPU
		{9ACBD596-226F-4465-8030-42D5C5C885B9}.Debug|Any CPU.Build.0 = Debug|Any CPU
		{9ACBD596-226F-4465-8030-42D5C5C885B9}.Release|Any CPU.ActiveCfg = Release|Any CPU
		{9ACBD596-226F-4465-8030-42D5C5C885B9}.Release|Any CPU.Build.0 = Release|Any CPU
	EndGlobalSection
	GlobalSection(SolutionProperties) = preSolution
		HideSolutionNode = FALSE
	EndGlobalSection
	GlobalSection(ExtensibilityGlobals) = postSolution
		SolutionGuid = {FA42DE0A-6642-4739-B8C7-F54328E2FBE7}
	EndGlobalSection
EndGlobal
